
Microsoft Visual Studio Solution File, Format Version 11.00
# Visual Studio 2010
Project("{FAE04EC0-301F-11D3-BF4B-00C04F79EFBC}") = "VncSharpWpf", "VncSharpWpf\VncSharpWpf.csproj", "{77B5CB63-E14B-4253-881D-6BE9D7C57076}"
EndProject
Project("{FAE04EC0-301F-11D3-BF4B-00C04F79EFBC}") = "VncSharpWpf_Example", "VncSharpWpf_Example\VncSharpWpf_Example.csproj", "{A166674C-7FBA-43CC-BE79-70A2650647FF}"
EndProject
Global
	GlobalSection(SolutionConfigurationPlatforms) = preSolution
		Debug|Any CPU = Debug|Any CPU
		Debug|Mixed Platforms = Debug|Mixed Platforms
		Debug|x86 = Debug|x86
		Release|Any CPU = Release|Any CPU
		Release|Mixed Platforms = Release|Mixed Platforms
		Release|x86 = Release|x86
	EndGlobalSection
	GlobalSection(ProjectConfigurationPlatforms) = postSolution
		{77B5CB63-E14B-4253-881D-6BE9D7C57076}.Debug|Any CPU.ActiveCfg = Debug|x86
		{77B5CB63-E14B-4253-881D-6BE9D7C57076}.Debug|Mixed Platforms.ActiveCfg = Debug|x86
		{77B5CB63-E14B-4253-881D-6BE9D7C57076}.Debug|Mixed Platforms.Build.0 = Debug|x86
		{77B5CB63-E14B-4253-881D-6BE9D7C57076}.Debug|x86.ActiveCfg = Debug|x86
		{77B5CB63-E14B-4253-881D-6BE9D7C57076}.Debug|x86.Build.0 = Debug|x86
		{77B5CB63-E14B-4253-881D-6BE9D7C57076}.Release|Any CPU.ActiveCfg = Release|x86
		{77B5CB63-E14B-4253-881D-6BE9D7C57076}.Release|Mixed Platforms.ActiveCfg = Release|x86
		{77B5CB63-E14B-4253-881D-6BE9D7C57076}.Release|Mixed Platforms.Build.0 = Release|x86
		{77B5CB63-E14B-4253-881D-6BE9D7C57076}.Release|x86.ActiveCfg = Release|x86
		{77B5CB63-E14B-4253-881D-6BE9D7C57076}.Release|x86.Build.0 = Release|x86
		{A166674C-7FBA-43CC-BE79-70A2650647FF}.Debug|Any CPU.ActiveCfg = Debug|x86
		{A166674C-7FBA-43CC-BE79-70A2650647FF}.Debug|Mixed Platforms.ActiveCfg = Debug|x86
		{A166674C-7FBA-43CC-BE79-70A2650647FF}.Debug|Mixed Platforms.Build.0 = Debug|x86
		{A166674C-7FBA-43CC-BE79-70A2650647FF}.Debug|x86.ActiveCfg = Debug|x86
		{A166674C-7FBA-43CC-BE79-70A2650647FF}.Debug|x86.Build.0 = Debug|x86
		{A166674C-7FBA-43CC-BE79-70A2650647FF}.Release|Any CPU.ActiveCfg = Release|x86
		{A166674C-7FBA-43CC-BE79-70A2650647FF}.Release|Mixed Platforms.ActiveCfg = Release|x86
		{A166674C-7FBA-43CC-BE79-70A2650647FF}.Release|Mixed Platforms.Build.0 = Release|x86
		{A166674C-7FBA-43CC-BE79-70A2650647FF}.Release|x86.ActiveCfg = Release|x86
		{A166674C-7FBA-43CC-BE79-70A2650647FF}.Release|x86.Build.0 = Release|x86
	EndGlobalSection
	GlobalSection(SolutionProperties) = preSolution
		HideSolutionNode = FALSE
	EndGlobalSection
EndGlobal
